
Microsoft Visual Studio Solution File, Format Version 12.00
# Visual Studio Version 17
VisualStudioVersion = 17.8.34511.84
MinimumVisualStudioVersion = 10.0.40219.1
Project("{9A19103F-16F7-4668-BE54-9A1E7A4F7556}") = "GYM_BE", "GYM_BE\GYM_BE.csproj", "{8C6935B4-7F8C-4403-A37A-A4752B9B5C52}"
EndProject
Global
	GlobalSection(SolutionConfigurationPlatforms) = preSolution
		Debug|Any CPU = Debug|Any CPU
		Release|Any CPU = Release|Any CPU
	EndGlobalSection
	GlobalSection(ProjectConfigurationPlatforms) = postSolution
		{8C6935B4-7F8C-4403-A37A-A4752B9B5C52}.Debug|Any CPU.ActiveCfg = Debug|Any CPU
		{8C6935B4-7F8C-4403-A37A-A4752B9B5C52}.Debug|Any CPU.Build.0 = Debug|Any CPU
		{8C6935B4-7F8C-4403-A37A-A4752B9B5C52}.Release|Any CPU.ActiveCfg = Release|Any CPU
		{8C6935B4-7F8C-4403-A37A-A4752B9B5C52}.Release|Any CPU.Build.0 = Release|Any CPU
	EndGlobalSection
	GlobalSection(SolutionProperties) = preSolution
		HideSolutionNode = FALSE
	EndGlobalSection
	GlobalSection(ExtensibilityGlobals) = postSolution
		SolutionGuid = {F62FBF68-6DE3-48A0-B413-8EDF68CE568B}
	EndGlobalSection
EndGlobal
